
Microsoft Visual Studio Solution File, Format Version 12.00
# Visual Studio Version 17
VisualStudioVersion = 17.13.35818.85 d17.13
MinimumVisualStudioVersion = 10.0.40219.1
Project("{54A90642-561A-4BB1-A94E-469ADEE60C69}") = "angular-project-7.client", "angular-project-7.client\angular-project-7.client.esproj", "{8075D0B9-E74D-50BA-3C42-CF8594709BCF}"
EndProject
Project("{FAE04EC0-301F-11D3-BF4B-00C04F79EFBC}") = "Angular-Project-7.Server", "Angular-Project-7.Server\Angular-Project-7.Server.csproj", "{2471A8B0-3B54-4656-972E-8450F4D5736B}"
EndProject
Global
	GlobalSection(SolutionConfigurationPlatforms) = preSolution
		Debug|Any CPU = Debug|Any CPU
		Release|Any CPU = Release|Any CPU
	EndGlobalSection
	GlobalSection(ProjectConfigurationPlatforms) = postSolution
		{8075D0B9-E74D-50BA-3C42-CF8594709BCF}.Debug|Any CPU.ActiveCfg = Debug|Any CPU
		{8075D0B9-E74D-50BA-3C42-CF8594709BCF}.Debug|Any CPU.Build.0 = Debug|Any CPU
		{8075D0B9-E74D-50BA-3C42-CF8594709BCF}.Debug|Any CPU.Deploy.0 = Debug|Any CPU
		{8075D0B9-E74D-50BA-3C42-CF8594709BCF}.Release|Any CPU.ActiveCfg = Release|Any CPU
		{8075D0B9-E74D-50BA-3C42-CF8594709BCF}.Release|Any CPU.Build.0 = Release|Any CPU
		{8075D0B9-E74D-50BA-3C42-CF8594709BCF}.Release|Any CPU.Deploy.0 = Release|Any CPU
		{2471A8B0-3B54-4656-972E-8450F4D5736B}.Debug|Any CPU.ActiveCfg = Debug|Any CPU
		{2471A8B0-3B54-4656-972E-8450F4D5736B}.Debug|Any CPU.Build.0 = Debug|Any CPU
		{2471A8B0-3B54-4656-972E-8450F4D5736B}.Release|Any CPU.ActiveCfg = Release|Any CPU
		{2471A8B0-3B54-4656-972E-8450F4D5736B}.Release|Any CPU.Build.0 = Release|Any CPU
	EndGlobalSection
	GlobalSection(SolutionProperties) = preSolution
		HideSolutionNode = FALSE
	EndGlobalSection
	GlobalSection(ExtensibilityGlobals) = postSolution
		SolutionGuid = {29050E2A-0D17-4500-B077-D2610BC8ACC8}
	EndGlobalSection
EndGlobal
